
Microsoft Visual Studio Solution File, Format Version 12.00
# Visual Studio Version 16
VisualStudioVersion = 16.0.32929.386
MinimumVisualStudioVersion = 10.0.40219.1
Project("{FAE04EC0-301F-11D3-BF4B-00C04F79EFBC}") = "WebApplicationasiapac", "WebApplicationasiapac.csproj", "{5ADAFCD4-170C-4A1A-8423-472DB2AAC449}"
EndProject
Global
	GlobalSection(SolutionConfigurationPlatforms) = preSolution
		Debug|Any CPU = Debug|Any CPU
		Release|Any CPU = Release|Any CPU
	EndGlobalSection
	GlobalSection(ProjectConfigurationPlatforms) = postSolution
		{5ADAFCD4-170C-4A1A-8423-472DB2AAC449}.Debug|Any CPU.ActiveCfg = Debug|Any CPU
		{5ADAFCD4-170C-4A1A-8423-472DB2AAC449}.Debug|Any CPU.Build.0 = Debug|Any CPU
		{5ADAFCD4-170C-4A1A-8423-472DB2AAC449}.Release|Any CPU.ActiveCfg = Release|Any CPU
		{5ADAFCD4-170C-4A1A-8423-472DB2AAC449}.Release|Any CPU.Build.0 = Release|Any CPU
	EndGlobalSection
	GlobalSection(SolutionProperties) = preSolution
		HideSolutionNode = FALSE
	EndGlobalSection
	GlobalSection(ExtensibilityGlobals) = postSolution
		SolutionGuid = {02BA47C4-BA9D-423F-8679-4292319818D4}
	EndGlobalSection
EndGlobal
